{
  "name": "assyst-ts",
  "version": "1.0.0",
  "lockfileVersion": 1,
  "requires": true,
  "dependencies": {
    "detritus-client": {
      "version": "0.9.38",
      "resolved": "https://registry.npmjs.org/detritus-client/-/detritus-client-0.9.38.tgz",
      "integrity": "sha512-G8BFxk6X05efTgxrH3riQRnNE2xxJOCxIIldUs9a9JAzhQ0TlwBM8TS+2qGgyhDnLrvwbYNMXRdfnkOcXeqK2w==",
      "requires": {
        "detritus-client-rest": "^0.6.6",
        "detritus-client-socket": "^0.4.5",
        "detritus-utils": "^0.2.6"
      }
    },
    "detritus-client-rest": {
      "version": "0.6.6",
      "resolved": "https://registry.npmjs.org/detritus-client-rest/-/detritus-client-rest-0.6.6.tgz",
      "integrity": "sha512-hmRZGo9ha62YwSfLwEB/MAU351kCU0hH4RJJ5sK62iv34MuD2d6RnW1nPQG+FbR/t5WKJaShwaoZ4G7zXs4LYw==",
      "requires": {
        "detritus-rest": "^0.3.1",
        "detritus-utils": "^0.2.6"
      }
    },
    "detritus-client-socket": {
      "version": "0.4.5",
      "resolved": "https://registry.npmjs.org/detritus-client-socket/-/detritus-client-socket-0.4.5.tgz",
      "integrity": "sha512-anAPVH2kch+1NF67cq7j+chHW18aElVXjZOSOjK7DRk0ilrAcWhpkNdjHe1KMYBdBZc8ttx9j9r6CuY6IDQvxw==",
      "requires": {
        "detritus-utils": "^0.2.6",
        "ws": "^7.2.0"
      }
    },
    "detritus-rest": {
      "version": "0.3.1",
      "resolved": "https://registry.npmjs.org/detritus-rest/-/detritus-rest-0.3.1.tgz",
      "integrity": "sha512-DW7wu/trh/Oq+u/ky3xZMgGoZErC2VnEuZ9ZHrOZd973MVcIm9a8hRqIA/N53ygf5a2qExBzuv7UaPw8nwV7yw=="
    },
    "detritus-utils": {
      "version": "0.2.6",
      "resolved": "https://registry.npmjs.org/detritus-utils/-/detritus-utils-0.2.6.tgz",
      "integrity": "sha512-cjeZjmIPew0h4ZP+A9aGizGCNrUyYhSx4FkQXGa3bJ5dNunChSqzUR8a5c2Gq6PIerWldTbh9976WxMw3m6Ejw=="
    },
    "ws": {
      "version": "7.2.1",
      "resolved": "https://registry.npmjs.org/ws/-/ws-7.2.1.tgz",
      "integrity": "sha512-sucePNSafamSKoOqoNfBd8V0StlkzJKL2ZAhGQinCfNQ+oacw+Pk7lcdAElecBF2VkLNZRiIb5Oi1Q5lVUVt2A=="
    }
  }
}
